
Microsoft Visual Studio Solution File, Format Version 12.00
# Visual Studio 14
VisualStudioVersion = 14.0.25123.0
MinimumVisualStudioVersion = 10.0.40219.1
Project("{2150E333-8FDC-42A3-9474-1A3956D46DE8}") = "Adapter", "Adapter", "{9E7C2F35-0463-4E5D-AD11-2C7EC3CA5B53}"
EndProject
Project("{8BC9CEB8-8B4A-11D0-8D11-00A0C91BC942}") = "HeadedAdapterApp", "ZWMultisensorBridge\HeadedAdapterApp\HeadedAdapterApp.vcxproj", "{56824402-BEAC-47D0-9FCE-60C17B843863}"
EndProject
Project("{8BC9CEB8-8B4A-11D0-8D11-00A0C91BC942}") = "AdapterLib", "ZWMultisensorBridge\AdapterLib\AdapterLib.vcxproj", "{8D539C08-EA54-475F-B691-7BD8B8B67956}"
EndProject
Project("{8BC9CEB8-8B4A-11D0-8D11-00A0C91BC942}") = "HeadlessAdapterApp", "ZWMultisensorBridge\HeadlessAdapterApp\HeadlessAdapterApp.vcxproj", "{FF83E5D3-4F9D-47ED-82B6-B1FD087CDBCA}"
EndProject
Project("{2150E333-8FDC-42A3-9474-1A3956D46DE8}") = "Platform", "Platform", "{12A39D26-F502-4FD9-AD42-1AC2F17305A3}"
EndProject
Project("{8BC9CEB8-8B4A-11D0-8D11-00A0C91BC942}") = "BridgeRT", "ZWMultisensorBridge\BridgeRT\BridgeRT.vcxproj", "{2783A617-8E1D-40D1-9684-DFAEB8DD5406}"
EndProject
Project("{8BC9CEB8-8B4A-11D0-8D11-00A0C91BC942}") = "Common", "ZWMultisensorBridge\Common\Common.vcxproj", "{4D445253-3BBA-455D-B324-ECE00D4FE480}"
EndProject
Project("{8BC9CEB8-8B4A-11D0-8D11-00A0C91BC942}") = "OpenZWave", "ZWMultisensorBridge\open-zwave\cpp\build\winRT\vs2015\OpenZWave.vcxproj", "{E830F9D6-8173-4B0B-9ECE-CAADFA531B54}"
EndProject
Project("{8BC9CEB8-8B4A-11D0-8D11-00A0C91BC942}") = "BackgroundHost", "ZWMultisensorBridge\BackgroundHost\BackgroundHost\BackgroundHost.vcxproj", "{98B5350D-3B67-4109-9CD5-1A675295C461}"
EndProject
Global
	GlobalSection(SolutionConfigurationPlatforms) = preSolution
		Debug|ARM = Debug|ARM
		Debug|x64 = Debug|x64
		Debug|x86 = Debug|x86
		Release|ARM = Release|ARM
		Release|x64 = Release|x64
		Release|x86 = Release|x86
	EndGlobalSection
	GlobalSection(ProjectConfigurationPlatforms) = postSolution
		{56824402-BEAC-47D0-9FCE-60C17B843863}.Debug|ARM.ActiveCfg = Debug|ARM
		{56824402-BEAC-47D0-9FCE-60C17B843863}.Debug|ARM.Build.0 = Debug|ARM
		{56824402-BEAC-47D0-9FCE-60C17B843863}.Debug|ARM.Deploy.0 = Debug|ARM
		{56824402-BEAC-47D0-9FCE-60C17B843863}.Debug|x64.ActiveCfg = Debug|x64
		{56824402-BEAC-47D0-9FCE-60C17B843863}.Debug|x64.Build.0 = Debug|x64
		{56824402-BEAC-47D0-9FCE-60C17B843863}.Debug|x64.Deploy.0 = Debug|x64
		{56824402-BEAC-47D0-9FCE-60C17B843863}.Debug|x86.ActiveCfg = Debug|Win32
		{56824402-BEAC-47D0-9FCE-60C17B843863}.Debug|x86.Build.0 = Debug|Win32
		{56824402-BEAC-47D0-9FCE-60C17B843863}.Debug|x86.Deploy.0 = Debug|Win32
		{56824402-BEAC-47D0-9FCE-60C17B843863}.Release|ARM.ActiveCfg = Release|ARM
		{56824402-BEAC-47D0-9FCE-60C17B843863}.Release|ARM.Build.0 = Release|ARM
		{56824402-BEAC-47D0-9FCE-60C17B843863}.Release|ARM.Deploy.0 = Release|ARM
		{56824402-BEAC-47D0-9FCE-60C17B843863}.Release|x64.ActiveCfg = Release|x64
		{56824402-BEAC-47D0-9FCE-60C17B843863}.Release|x64.Build.0 = Release|x64
		{56824402-BEAC-47D0-9FCE-60C17B843863}.Release|x64.Deploy.0 = Release|x64
		{56824402-BEAC-47D0-9FCE-60C17B843863}.Release|x86.ActiveCfg = Release|Win32
		{56824402-BEAC-47D0-9FCE-60C17B843863}.Release|x86.Build.0 = Release|Win32
		{56824402-BEAC-47D0-9FCE-60C17B843863}.Release|x86.Deploy.0 = Release|Win32
		{8D539C08-EA54-475F-B691-7BD8B8B67956}.Debug|ARM.ActiveCfg = Debug|ARM
		{8D539C08-EA54-475F-B691-7BD8B8B67956}.Debug|ARM.Build.0 = Debug|ARM
		{8D539C08-EA54-475F-B691-7BD8B8B67956}.Debug|x64.ActiveCfg = Debug|x64
		{8D539C08-EA54-475F-B691-7BD8B8B67956}.Debug|x64.Build.0 = Debug|x64
		{8D539C08-EA54-475F-B691-7BD8B8B67956}.Debug|x86.ActiveCfg = Debug|Win32
		{8D539C08-EA54-475F-B691-7BD8B8B67956}.Debug|x86.Build.0 = Debug|Win32
		{8D539C08-EA54-475F-B691-7BD8B8B67956}.Release|ARM.ActiveCfg = Release|ARM
		{8D539C08-EA54-475F-B691-7BD8B8B67956}.Release|ARM.Build.0 = Release|ARM
		{8D539C08-EA54-475F-B691-7BD8B8B67956}.Release|x64.ActiveCfg = Release|x64
		{8D539C08-EA54-475F-B691-7BD8B8B67956}.Release|x64.Build.0 = Release|x64
		{8D539C08-EA54-475F-B691-7BD8B8B67956}.Release|x86.ActiveCfg = Release|Win32
		{8D539C08-EA54-475F-B691-7BD8B8B67956}.Release|x86.Build.0 = Release|Win32
		{FF83E5D3-4F9D-47ED-82B6-B1FD087CDBCA}.Debug|ARM.ActiveCfg = Debug|ARM
		{FF83E5D3-4F9D-47ED-82B6-B1FD087CDBCA}.Debug|ARM.Build.0 = Debug|ARM
		{FF83E5D3-4F9D-47ED-82B6-B1FD087CDBCA}.Debug|ARM.Deploy.0 = Debug|ARM
		{FF83E5D3-4F9D-47ED-82B6-B1FD087CDBCA}.Debug|x64.ActiveCfg = Debug|x64
		{FF83E5D3-4F9D-47ED-82B6-B1FD087CDBCA}.Debug|x64.Build.0 = Debug|x64
		{FF83E5D3-4F9D-47ED-82B6-B1FD087CDBCA}.Debug|x64.Deploy.0 = Debug|x64
		{FF83E5D3-4F9D-47ED-82B6-B1FD087CDBCA}.Debug|x86.ActiveCfg = Debug|Win32
		{FF83E5D3-4F9D-47ED-82B6-B1FD087CDBCA}.Debug|x86.Build.0 = Debug|Win32
		{FF83E5D3-4F9D-47ED-82B6-B1FD087CDBCA}.Debug|x86.Deploy.0 = Debug|Win32
		{FF83E5D3-4F9D-47ED-82B6-B1FD087CDBCA}.Release|ARM.ActiveCfg = Release|ARM
		{FF83E5D3-4F9D-47ED-82B6-B1FD087CDBCA}.Release|ARM.Build.0 = Release|ARM
		{FF83E5D3-4F9D-47ED-82B6-B1FD087CDBCA}.Release|ARM.Deploy.0 = Release|ARM
		{FF83E5D3-4F9D-47ED-82B6-B1FD087CDBCA}.Release|x64.ActiveCfg = Release|x64
		{FF83E5D3-4F9D-47ED-82B6-B1FD087CDBCA}.Release|x64.Build.0 = Release|x64
		{FF83E5D3-4F9D-47ED-82B6-B1FD087CDBCA}.Release|x64.Deploy.0 = Release|x64
		{FF83E5D3-4F9D-47ED-82B6-B1FD087CDBCA}.Release|x86.ActiveCfg = Release|Win32
		{FF83E5D3-4F9D-47ED-82B6-B1FD087CDBCA}.Release|x86.Build.0 = Release|Win32
		{FF83E5D3-4F9D-47ED-82B6-B1FD087CDBCA}.Release|x86.Deploy.0 = Release|Win32
		{2783A617-8E1D-40D1-9684-DFAEB8DD5406}.Debug|ARM.ActiveCfg = Debug|ARM
		{2783A617-8E1D-40D1-9684-DFAEB8DD5406}.Debug|ARM.Build.0 = Debug|ARM
		{2783A617-8E1D-40D1-9684-DFAEB8DD5406}.Debug|x64.ActiveCfg = Debug|x64
		{2783A617-8E1D-40D1-9684-DFAEB8DD5406}.Debug|x64.Build.0 = Debug|x64
		{2783A617-8E1D-40D1-9684-DFAEB8DD5406}.Debug|x86.ActiveCfg = Debug|Win32
		{2783A617-8E1D-40D1-9684-DFAEB8DD5406}.Debug|x86.Build.0 = Debug|Win32
		{2783A617-8E1D-40D1-9684-DFAEB8DD5406}.Release|ARM.ActiveCfg = Release|ARM
		{2783A617-8E1D-40D1-9684-DFAEB8DD5406}.Release|ARM.Build.0 = Release|ARM
		{2783A617-8E1D-40D1-9684-DFAEB8DD5406}.Release|x64.ActiveCfg = Release|x64
		{2783A617-8E1D-40D1-9684-DFAEB8DD5406}.Release|x64.Build.0 = Release|x64
		{2783A617-8E1D-40D1-9684-DFAEB8DD5406}.Release|x86.ActiveCfg = Release|Win32
		{2783A617-8E1D-40D1-9684-DFAEB8DD5406}.Release|x86.Build.0 = Release|Win32
		{4D445253-3BBA-455D-B324-ECE00D4FE480}.Debug|ARM.ActiveCfg = Debug|ARM
		{4D445253-3BBA-455D-B324-ECE00D4FE480}.Debug|ARM.Build.0 = Debug|ARM
		{4D445253-3BBA-455D-B324-ECE00D4FE480}.Debug|x64.ActiveCfg = Debug|x64
		{4D445253-3BBA-455D-B324-ECE00D4FE480}.Debug|x64.Build.0 = Debug|x64
		{4D445253-3BBA-455D-B324-ECE00D4FE480}.Debug|x86.ActiveCfg = Debug|Win32
		{4D445253-3BBA-455D-B324-ECE00D4FE480}.Debug|x86.Build.0 = Debug|Win32
		{4D445253-3BBA-455D-B324-ECE00D4FE480}.Release|ARM.ActiveCfg = Release|ARM
		{4D445253-3BBA-455D-B324-ECE00D4FE480}.Release|ARM.Build.0 = Release|ARM
		{4D445253-3BBA-455D-B324-ECE00D4FE480}.Release|x64.ActiveCfg = Release|x64
		{4D445253-3BBA-455D-B324-ECE00D4FE480}.Release|x64.Build.0 = Release|x64
		{4D445253-3BBA-455D-B324-ECE00D4FE480}.Release|x86.ActiveCfg = Release|Win32
		{4D445253-3BBA-455D-B324-ECE00D4FE480}.Release|x86.Build.0 = Release|Win32
		{E830F9D6-8173-4B0B-9ECE-CAADFA531B54}.Debug|ARM.ActiveCfg = Debug|ARM
		{E830F9D6-8173-4B0B-9ECE-CAADFA531B54}.Debug|ARM.Build.0 = Debug|ARM
		{E830F9D6-8173-4B0B-9ECE-CAADFA531B54}.Debug|x64.ActiveCfg = Debug|x64
		{E830F9D6-8173-4B0B-9ECE-CAADFA531B54}.Debug|x64.Build.0 = Debug|x64
		{E830F9D6-8173-4B0B-9ECE-CAADFA531B54}.Debug|x86.ActiveCfg = Debug|Win32
		{E830F9D6-8173-4B0B-9ECE-CAADFA531B54}.Debug|x86.Build.0 = Debug|Win32
		{E830F9D6-8173-4B0B-9ECE-CAADFA531B54}.Release|ARM.ActiveCfg = Release|ARM
		{E830F9D6-8173-4B0B-9ECE-CAADFA531B54}.Release|ARM.Build.0 = Release|ARM
		{E830F9D6-8173-4B0B-9ECE-CAADFA531B54}.Release|x64.ActiveCfg = Release|x64
		{E830F9D6-8173-4B0B-9ECE-CAADFA531B54}.Release|x64.Build.0 = Release|x64
		{E830F9D6-8173-4B0B-9ECE-CAADFA531B54}.Release|x86.ActiveCfg = Release|Win32
		{E830F9D6-8173-4B0B-9ECE-CAADFA531B54}.Release|x86.Build.0 = Release|Win32
		{98B5350D-3B67-4109-9CD5-1A675295C461}.Debug|ARM.ActiveCfg = Debug|ARM
		{98B5350D-3B67-4109-9CD5-1A675295C461}.Debug|ARM.Build.0 = Debug|ARM
		{98B5350D-3B67-4109-9CD5-1A675295C461}.Debug|x64.ActiveCfg = Debug|x64
		{98B5350D-3B67-4109-9CD5-1A675295C461}.Debug|x64.Build.0 = Debug|x64
		{98B5350D-3B67-4109-9CD5-1A675295C461}.Debug|x86.ActiveCfg = Debug|Win32
		{98B5350D-3B67-4109-9CD5-1A675295C461}.Debug|x86.Build.0 = Debug|Win32
		{98B5350D-3B67-4109-9CD5-1A675295C461}.Release|ARM.ActiveCfg = Release|ARM
		{98B5350D-3B67-4109-9CD5-1A675295C461}.Release|ARM.Build.0 = Release|ARM
		{98B5350D-3B67-4109-9CD5-1A675295C461}.Release|x64.ActiveCfg = Release|x64
		{98B5350D-3B67-4109-9CD5-1A675295C461}.Release|x64.Build.0 = Release|x64
		{98B5350D-3B67-4109-9CD5-1A675295C461}.Release|x86.ActiveCfg = Release|Win32
		{98B5350D-3B67-4109-9CD5-1A675295C461}.Release|x86.Build.0 = Release|Win32
	EndGlobalSection
	GlobalSection(SolutionProperties) = preSolution
		HideSolutionNode = FALSE
	EndGlobalSection
	GlobalSection(NestedProjects) = preSolution
		{56824402-BEAC-47D0-9FCE-60C17B843863} = {9E7C2F35-0463-4E5D-AD11-2C7EC3CA5B53}
		{8D539C08-EA54-475F-B691-7BD8B8B67956} = {9E7C2F35-0463-4E5D-AD11-2C7EC3CA5B53}
		{FF83E5D3-4F9D-47ED-82B6-B1FD087CDBCA} = {9E7C2F35-0463-4E5D-AD11-2C7EC3CA5B53}
		{2783A617-8E1D-40D1-9684-DFAEB8DD5406} = {12A39D26-F502-4FD9-AD42-1AC2F17305A3}
		{4D445253-3BBA-455D-B324-ECE00D4FE480} = {12A39D26-F502-4FD9-AD42-1AC2F17305A3}
		{E830F9D6-8173-4B0B-9ECE-CAADFA531B54} = {9E7C2F35-0463-4E5D-AD11-2C7EC3CA5B53}
		{98B5350D-3B67-4109-9CD5-1A675295C461} = {12A39D26-F502-4FD9-AD42-1AC2F17305A3}
	EndGlobalSection
EndGlobal
